
Microsoft Visual Studio Solution File, Format Version 12.00
# Visual Studio Version 16
VisualStudioVersion = 16.0.29009.5
MinimumVisualStudioVersion = 10.0.40219.1
Project("{FAE04EC0-301F-11D3-BF4B-00C04F79EFBC}") = "Hangfire-PoC", "Hangfire-PoC\Hangfire-PoC.csproj", "{7F94434C-3597-4F53-A793-3CF59DE130D6}"
EndProject
Global
	GlobalSection(SolutionConfigurationPlatforms) = preSolution
		Debug|Any CPU = Debug|Any CPU
		Release|Any CPU = Release|Any CPU
	EndGlobalSection
	GlobalSection(ProjectConfigurationPlatforms) = postSolution
		{7F94434C-3597-4F53-A793-3CF59DE130D6}.Debug|Any CPU.ActiveCfg = Debug|Any CPU
		{7F94434C-3597-4F53-A793-3CF59DE130D6}.Debug|Any CPU.Build.0 = Debug|Any CPU
		{7F94434C-3597-4F53-A793-3CF59DE130D6}.Release|Any CPU.ActiveCfg = Release|Any CPU
		{7F94434C-3597-4F53-A793-3CF59DE130D6}.Release|Any CPU.Build.0 = Release|Any CPU
	EndGlobalSection
	GlobalSection(SolutionProperties) = preSolution
		HideSolutionNode = FALSE
	EndGlobalSection
	GlobalSection(ExtensibilityGlobals) = postSolution
		SolutionGuid = {A7CB5AEB-3692-4A07-A3DE-17AF00A64960}
	EndGlobalSection
EndGlobal
